// !$*UTF8*$!
{
	archiveVersion = 1;
	classes = {
	};
	objectVersion = 55;
	objects = {

/* Begin PBXBuildFile section */
		9DC655F728C376AA009906BA /* Tests_iOS.swift in Sources */ = {isa = PBXBuildFile; fileRef = 9DC655F628C376AA009906BA /* Tests_iOS.swift */; };
		9DC655F928C376AA009906BA /* Tests_iOSLaunchTests.swift in Sources */ = {isa = PBXBuildFile; fileRef = 9DC655F828C376AA009906BA /* Tests_iOSLaunchTests.swift */; };
		9DC6560328C376AA009906BA /* Tests_macOS.swift in Sources */ = {isa = PBXBuildFile; fileRef = 9DC6560228C376AA009906BA /* Tests_macOS.swift */; };
		9DC6560528C376AA009906BA /* Tests_macOSLaunchTests.swift in Sources */ = {isa = PBXBuildFile; fileRef = 9DC6560428C376AA009906BA /* Tests_macOSLaunchTests.swift */; };
		9DC6560628C376AA009906BA /* OSMapApp.swift in Sources */ = {isa = PBXBuildFile; fileRef = 9DC655DE28C376A9009906BA /* OSMapApp.swift */; };
		9DC6560728C376AA009906BA /* OSMapApp.swift in Sources */ = {isa = PBXBuildFile; fileRef = 9DC655DE28C376A9009906BA /* OSMapApp.swift */; };
		9DC6560828C376AA009906BA /* ContentView.swift in Sources */ = {isa = PBXBuildFile; fileRef = 9DC655DF28C376A9009906BA /* ContentView.swift */; };
		9DC6560928C376AA009906BA /* ContentView.swift in Sources */ = {isa = PBXBuildFile; fileRef = 9DC655DF28C376A9009906BA /* ContentView.swift */; };
		9DC6560A28C376AA009906BA /* Assets.xcassets in Resources */ = {isa = PBXBuildFile; fileRef = 9DC655E028C376A9009906BA /* Assets.xcassets */; };
		9DC6560B28C376AA009906BA /* Assets.xcassets in Resources */ = {isa = PBXBuildFile; fileRef = 9DC655E028C376A9009906BA /* Assets.xcassets */; };
		9DC6561F28C39567009906BA /* Frame.swift in Sources */ = {isa = PBXBuildFile; fileRef = 9DC6561E28C39567009906BA /* Frame.swift */; };
		9DC6562028C39567009906BA /* Frame.swift in Sources */ = {isa = PBXBuildFile; fileRef = 9DC6561E28C39567009906BA /* Frame.swift */; };
		9DC6562328C395BF009906BA /* Shader.metal in Sources */ = {isa = PBXBuildFile; fileRef = 9DC6562228C395BF009906BA /* Shader.metal */; };
		9DC6562428C395BF009906BA /* Shader.metal in Sources */ = {isa = PBXBuildFile; fileRef = 9DC6562228C395BF009906BA /* Shader.metal */; };
		9DC6562728C3969A009906BA /* RenderEngine.swift in Sources */ = {isa = PBXBuildFile; fileRef = 9DC6562628C3969A009906BA /* RenderEngine.swift */; };
		9DC6562828C3969A009906BA /* RenderEngine.swift in Sources */ = {isa = PBXBuildFile; fileRef = 9DC6562628C3969A009906BA /* RenderEngine.swift */; };
		9DC6562B28C398A3009906BA /* OSMapView.swift in Sources */ = {isa = PBXBuildFile; fileRef = 9DC6562A28C398A3009906BA /* OSMapView.swift */; };
		9DC6562C28C398A3009906BA /* OSMapView.swift in Sources */ = {isa = PBXBuildFile; fileRef = 9DC6562A28C398A3009906BA /* OSMapView.swift */; };
/* End PBXBuildFile section */

/* Begin PBXContainerItemProxy section */
		9DC655F328C376AA009906BA /* PBXContainerItemProxy */ = {
			isa = PBXContainerItemProxy;
			containerPortal = 9DC655D928C376A9009906BA /* Project object */;
			proxyType = 1;
			remoteGlobalIDString = 9DC655E428C376AA009906BA;
			remoteInfo = "OSMap (iOS)";
		};
		9DC655FF28C376AA009906BA /* PBXContainerItemProxy */ = {
			isa = PBXContainerItemProxy;
			containerPortal = 9DC655D928C376A9009906BA /* Project object */;
			proxyType = 1;
			remoteGlobalIDString = 9DC655EA28C376AA009906BA;
			remoteInfo = "OSMap (macOS)";
		};
/* End PBXContainerItemProxy section */

/* Begin PBXFileReference section */
		9DC655DE28C376A9009906BA /* OSMapApp.swift */ = {isa = PBXFileReference; lastKnownFileType = sourcecode.swift; path = OSMapApp.swift; sourceTree = "<group>"; };
		9DC655DF28C376A9009906BA /* ContentView.swift */ = {isa = PBXFileReference; lastKnownFileType = sourcecode.swift; path = ContentView.swift; sourceTree = "<group>"; };
		9DC655E028C376A9009906BA /* Assets.xcassets */ = {isa = PBXFileReference; lastKnownFileType = folder.assetcatalog; path = Assets.xcassets; sourceTree = "<group>"; };
		9DC655E528C376AA009906BA /* OSMap.app */ = {isa = PBXFileReference; explicitFileType = wrapper.application; includeInIndex = 0; path = OSMap.app; sourceTree = BUILT_PRODUCTS_DIR; };
		9DC655EB28C376AA009906BA /* OSMap.app */ = {isa = PBXFileReference; explicitFileType = wrapper.application; includeInIndex = 0; path = OSMap.app; sourceTree = BUILT_PRODUCTS_DIR; };
		9DC655ED28C376AA009906BA /* macOS.entitlements */ = {isa = PBXFileReference; lastKnownFileType = text.plist.entitlements; path = macOS.entitlements; sourceTree = "<group>"; };
		9DC655F228C376AA009906BA /* Tests iOS.xctest */ = {isa = PBXFileReference; explicitFileType = wrapper.cfbundle; includeInIndex = 0; path = "Tests iOS.xctest"; sourceTree = BUILT_PRODUCTS_DIR; };
		9DC655F628C376AA009906BA /* Tests_iOS.swift */ = {isa = PBXFileReference; lastKnownFileType = sourcecode.swift; path = Tests_iOS.swift; sourceTree = "<group>"; };
		9DC655F828C376AA009906BA /* Tests_iOSLaunchTests.swift */ = {isa = PBXFileReference; lastKnownFileType = sourcecode.swift; path = Tests_iOSLaunchTests.swift; sourceTree = "<group>"; };
		9DC655FE28C376AA009906BA /* Tests macOS.xctest */ = {isa = PBXFileReference; explicitFileType = wrapper.cfbundle; includeInIndex = 0; path = "Tests macOS.xctest"; sourceTree = BUILT_PRODUCTS_DIR; };
		9DC6560228C376AA009906BA /* Tests_macOS.swift */ = {isa = PBXFileReference; lastKnownFileType = sourcecode.swift; path = Tests_macOS.swift; sourceTree = "<group>"; };
		9DC6560428C376AA009906BA /* Tests_macOSLaunchTests.swift */ = {isa = PBXFileReference; lastKnownFileType = sourcecode.swift; path = Tests_macOSLaunchTests.swift; sourceTree = "<group>"; };
		9DC6561E28C39567009906BA /* Frame.swift */ = {isa = PBXFileReference; fileEncoding = 4; lastKnownFileType = sourcecode.swift; path = Frame.swift; sourceTree = "<group>"; };
		9DC6562228C395BF009906BA /* Shader.metal */ = {isa = PBXFileReference; fileEncoding = 4; lastKnownFileType = sourcecode.metal; path = Shader.metal; sourceTree = "<group>"; };
		9DC6562628C3969A009906BA /* RenderEngine.swift */ = {isa = PBXFileReference; fileEncoding = 4; lastKnownFileType = sourcecode.swift; path = RenderEngine.swift; sourceTree = "<group>"; };
		9DC6562A28C398A3009906BA /* OSMapView.swift */ = {isa = PBXFileReference; fileEncoding = 4; lastKnownFileType = sourcecode.swift; path = OSMapView.swift; sourceTree = "<group>"; };
/* End PBXFileReference section */

/* Begin PBXFrameworksBuildPhase section */
		9DC655E228C376AA009906BA /* Frameworks */ = {
			isa = PBXFrameworksBuildPhase;
			buildActionMask = 2147483647;
			files = (
			);
			runOnlyForDeploymentPostprocessing = 0;
		};
		9DC655E828C376AA009906BA /* Frameworks */ = {
			isa = PBXFrameworksBuildPhase;
			buildActionMask = 2147483647;
			files = (
			);
			runOnlyForDeploymentPostprocessing = 0;
		};
		9DC655EF28C376AA009906BA /* Frameworks */ = {
			isa = PBXFrameworksBuildPhase;
			buildActionMask = 2147483647;
			files = (
			);
			runOnlyForDeploymentPostprocessing = 0;
		};
		9DC655FB28C376AA009906BA /* Frameworks */ = {
			isa = PBXFrameworksBuildPhase;
			buildActionMask = 2147483647;
			files = (
			);
			runOnlyForDeploymentPostprocessing = 0;
		};
/* End PBXFrameworksBuildPhase section */

/* Begin PBXGroup section */
		9D3EEF6F28C48FBF00F03F48 /* Example */ = {
			isa = PBXGroup;
			children = (
				9DC655DE28C376A9009906BA /* OSMapApp.swift */,
				9DC655DF28C376A9009906BA /* ContentView.swift */,
			);
			path = Example;
			sourceTree = "<group>";
		};
		9DC655D828C376A9009906BA = {
			isa = PBXGroup;
			children = (
				9DC655DD28C376A9009906BA /* Shared */,
				9DC655EC28C376AA009906BA /* macOS */,
				9DC655F528C376AA009906BA /* Tests iOS */,
				9DC6560128C376AA009906BA /* Tests macOS */,
				9DC655E628C376AA009906BA /* Products */,
			);
			sourceTree = "<group>";
		};
		9DC655DD28C376A9009906BA /* Shared */ = {
			isa = PBXGroup;
			children = (
				9D3EEF6F28C48FBF00F03F48 /* Example */,
				9DC6562928C39897009906BA /* MetalView */,
				9DC6562528C39675009906BA /* Renderer */,
				9DC6562128C395A0009906BA /* Shaders */,
				9DC6561D28C3954F009906BA /* Primitives */,
				9DC655E028C376A9009906BA /* Assets.xcassets */,
			);
			path = Shared;
			sourceTree = "<group>";
		};
		9DC655E628C376AA009906BA /* Products */ = {
			isa = PBXGroup;
			children = (
				9DC655E528C376AA009906BA /* OSMap.app */,
				9DC655EB28C376AA009906BA /* OSMap.app */,
				9DC655F228C376AA009906BA /* Tests iOS.xctest */,
				9DC655FE28C376AA009906BA /* Tests macOS.xctest */,
			);
			name = Products;
			sourceTree = "<group>";
		};
		9DC655EC28C376AA009906BA /* macOS */ = {
			isa = PBXGroup;
			children = (
				9DC655ED28C376AA009906BA /* macOS.entitlements */,
			);
			path = macOS;
			sourceTree = "<group>";
		};
		9DC655F528C376AA009906BA /* Tests iOS */ = {
			isa = PBXGroup;
			children = (
				9DC655F628C376AA009906BA /* Tests_iOS.swift */,
				9DC655F828C376AA009906BA /* Tests_iOSLaunchTests.swift */,
			);
			path = "Tests iOS";
			sourceTree = "<group>";
		};
		9DC6560128C376AA009906BA /* Tests macOS */ = {
			isa = PBXGroup;
			children = (
				9DC6560228C376AA009906BA /* Tests_macOS.swift */,
				9DC6560428C376AA009906BA /* Tests_macOSLaunchTests.swift */,
			);
			path = "Tests macOS";
			sourceTree = "<group>";
		};
		9DC6561D28C3954F009906BA /* Primitives */ = {
			isa = PBXGroup;
			children = (
				9DC6561E28C39567009906BA /* Frame.swift */,
			);
			path = Primitives;
			sourceTree = "<group>";
		};
		9DC6562128C395A0009906BA /* Shaders */ = {
			isa = PBXGroup;
			children = (
				9DC6562228C395BF009906BA /* Shader.metal */,
			);
			path = Shaders;
			sourceTree = "<group>";
		};
		9DC6562528C39675009906BA /* Renderer */ = {
			isa = PBXGroup;
			children = (
				9DC6562628C3969A009906BA /* RenderEngine.swift */,
			);
			path = Renderer;
			sourceTree = "<group>";
		};
		9DC6562928C39897009906BA /* MetalView */ = {
			isa = PBXGroup;
			children = (
				9DC6562A28C398A3009906BA /* OSMapView.swift */,
			);
			path = MetalView;
			sourceTree = "<group>";
		};
/* End PBXGroup section */

/* Begin PBXNativeTarget section */
		9DC655E428C376AA009906BA /* OSMap (iOS) */ = {
			isa = PBXNativeTarget;
			buildConfigurationList = 9DC6560E28C376AA009906BA /* Build configuration list for PBXNativeTarget "OSMap (iOS)" */;
			buildPhases = (
				9DC655E128C376AA009906BA /* Sources */,
				9DC655E228C376AA009906BA /* Frameworks */,
				9DC655E328C376AA009906BA /* Resources */,
			);
			buildRules = (
			);
			dependencies = (
			);
			name = "OSMap (iOS)";
			productName = "OSMap (iOS)";
			productReference = 9DC655E528C376AA009906BA /* OSMap.app */;
			productType = "com.apple.product-type.application";
		};
		9DC655EA28C376AA009906BA /* OSMap (macOS) */ = {
			isa = PBXNativeTarget;
			buildConfigurationList = 9DC6561128C376AA009906BA /* Build configuration list for PBXNativeTarget "OSMap (macOS)" */;
			buildPhases = (
				9DC655E728C376AA009906BA /* Sources */,
				9DC655E828C376AA009906BA /* Frameworks */,
				9DC655E928C376AA009906BA /* Resources */,
			);
			buildRules = (
			);
			dependencies = (
			);
			name = "OSMap (macOS)";
			productName = "OSMap (macOS)";
			productReference = 9DC655EB28C376AA009906BA /* OSMap.app */;
			productType = "com.apple.product-type.application";
		};
		9DC655F128C376AA009906BA /* Tests iOS */ = {
			isa = PBXNativeTarget;
			buildConfigurationList = 9DC6561428C376AA009906BA /* Build configuration list for PBXNativeTarget "Tests iOS" */;
			buildPhases = (
				9DC655EE28C376AA009906BA /* Sources */,
				9DC655EF28C376AA009906BA /* Frameworks */,
				9DC655F028C376AA009906BA /* Resources */,
			);
			buildRules = (
			);
			dependencies = (
				9DC655F428C376AA009906BA /* PBXTargetDependency */,
			);
			name = "Tests iOS";
			productName = "Tests iOS";
			productReference = 9DC655F228C376AA009906BA /* Tests iOS.xctest */;
			productType = "com.apple.product-type.bundle.ui-testing";
		};
		9DC655FD28C376AA009906BA /* Tests macOS */ = {
			isa = PBXNativeTarget;
			buildConfigurationList = 9DC6561728C376AA009906BA /* Build configuration list for PBXNativeTarget "Tests macOS" */;
			buildPhases = (
				9DC655FA28C376AA009906BA /* Sources */,
				9DC655FB28C376AA009906BA /* Frameworks */,
				9DC655FC28C376AA009906BA /* Resources */,
			);
			buildRules = (
			);
			dependencies = (
				9DC6560028C376AA009906BA /* PBXTargetDependency */,
			);
			name = "Tests macOS";
			productName = "Tests macOS";
			productReference = 9DC655FE28C376AA009906BA /* Tests macOS.xctest */;
			productType = "com.apple.product-type.bundle.ui-testing";
		};
/* End PBXNativeTarget section */

/* Begin PBXProject section */
		9DC655D928C376A9009906BA /* Project object */ = {
			isa = PBXProject;
			attributes = {
				BuildIndependentTargetsInParallel = 1;
				LastSwiftUpdateCheck = 1340;
				LastUpgradeCheck = 1340;
				TargetAttributes = {
					9DC655E428C376AA009906BA = {
						CreatedOnToolsVersion = 13.4.1;
					};
					9DC655EA28C376AA009906BA = {
						CreatedOnToolsVersion = 13.4.1;
					};
					9DC655F128C376AA009906BA = {
						CreatedOnToolsVersion = 13.4.1;
						TestTargetID = 9DC655E428C376AA009906BA;
					};
					9DC655FD28C376AA009906BA = {
						CreatedOnToolsVersion = 13.4.1;
						TestTargetID = 9DC655EA28C376AA009906BA;
					};
				};
			};
			buildConfigurationList = 9DC655DC28C376A9009906BA /* Build configuration list for PBXProject "OSMap" */;
			compatibilityVersion = "Xcode 13.0";
			developmentRegion = en;
			hasScannedForEncodings = 0;
			knownRegions = (
				en,
				Base,
			);
			mainGroup = 9DC655D828C376A9009906BA;
			productRefGroup = 9DC655E628C376AA009906BA /* Products */;
			projectDirPath = "";
			projectRoot = "";
			targets = (
				9DC655E428C376AA009906BA /* OSMap (iOS) */,
				9DC655EA28C376AA009906BA /* OSMap (macOS) */,
				9DC655F128C376AA009906BA /* Tests iOS */,
				9DC655FD28C376AA009906BA /* Tests macOS */,
			);
		};
/* End PBXProject section */

/* Begin PBXResourcesBuildPhase section */
		9DC655E328C376AA009906BA /* Resources */ = {
			isa = PBXResourcesBuildPhase;
			buildActionMask = 2147483647;
			files = (
				9DC6560A28C376AA009906BA /* Assets.xcassets in Resources */,
			);
			runOnlyForDeploymentPostprocessing = 0;
		};
		9DC655E928C376AA009906BA /* Resources */ = {
			isa = PBXResourcesBuildPhase;
			buildActionMask = 2147483647;
			files = (
				9DC6560B28C376AA009906BA /* Assets.xcassets in Resources */,
			);
			runOnlyForDeploymentPostprocessing = 0;
		};
		9DC655F028C376AA009906BA /* Resources */ = {
			isa = PBXResourcesBuildPhase;
			buildActionMask = 2147483647;
			files = (
			);
			runOnlyForDeploymentPostprocessing = 0;
		};
		9DC655FC28C376AA009906BA /* Resources */ = {
			isa = PBXResourcesBuildPhase;
			buildActionMask = 2147483647;
			files = (
			);
			runOnlyForDeploymentPostprocessing = 0;
		};
/* End PBXResourcesBuildPhase section */

/* Begin PBXSourcesBuildPhase section */
		9DC655E128C376AA009906BA /* Sources */ = {
			isa = PBXSourcesBuildPhase;
			buildActionMask = 2147483647;
			files = (
				9DC6562B28C398A3009906BA /* OSMapView.swift in Sources */,
				9DC6562328C395BF009906BA /* Shader.metal in Sources */,
				9DC6561F28C39567009906BA /* Frame.swift in Sources */,
				9DC6560828C376AA009906BA /* ContentView.swift in Sources */,
				9DC6562728C3969A009906BA /* RenderEngine.swift in Sources */,
				9DC6560628C376AA009906BA /* OSMapApp.swift in Sources */,
			);
			runOnlyForDeploymentPostprocessing = 0;
		};
		9DC655E728C376AA009906BA /* Sources */ = {
			isa = PBXSourcesBuildPhase;
			buildActionMask = 2147483647;
			files = (
				9DC6562C28C398A3009906BA /* OSMapView.swift in Sources */,
				9DC6562428C395BF009906BA /* Shader.metal in Sources */,
				9DC6562028C39567009906BA /* Frame.swift in Sources */,
				9DC6560928C376AA009906BA /* ContentView.swift in Sources */,
				9DC6562828C3969A009906BA /* RenderEngine.swift in Sources */,
				9DC6560728C376AA009906BA /* OSMapApp.swift in Sources */,
			);
			runOnlyForDeploymentPostprocessing = 0;
		};
		9DC655EE28C376AA009906BA /* Sources */ = {
			isa = PBXSourcesBuildPhase;
			buildActionMask = 2147483647;
			files = (
				9DC655F928C376AA009906BA /* Tests_iOSLaunchTests.swift in Sources */,
				9DC655F728C376AA009906BA /* Tests_iOS.swift in Sources */,
			);
			runOnlyForDeploymentPostprocessing = 0;
		};
		9DC655FA28C376AA009906BA /* Sources */ = {
			isa = PBXSourcesBuildPhase;
			buildActionMask = 2147483647;
			files = (
				9DC6560528C376AA009906BA /* Tests_macOSLaunchTests.swift in Sources */,
				9DC6560328C376AA009906BA /* Tests_macOS.swift in Sources */,
			);
			runOnlyForDeploymentPostprocessing = 0;
		};
/* End PBXSourcesBuildPhase section */

/* Begin PBXTargetDependency section */
		9DC655F428C376AA009906BA /* PBXTargetDependency */ = {
			isa = PBXTargetDependency;
			target = 9DC655E428C376AA009906BA /* OSMap (iOS) */;
			targetProxy = 9DC655F328C376AA009906BA /* PBXContainerItemProxy */;
		};
		9DC6560028C376AA009906BA /* PBXTargetDependency */ = {
			isa = PBXTargetDependency;
			target = 9DC655EA28C376AA009906BA /* OSMap (macOS) */;
			targetProxy = 9DC655FF28C376AA009906BA /* PBXContainerItemProxy */;
		};
/* End PBXTargetDependency section */

/* Begin XCBuildConfiguration section */
		9DC6560C28C376AA009906BA /* Debug */ = {
			isa = XCBuildConfiguration;
			buildSettings = {
				ALWAYS_SEARCH_USER_PATHS = NO;
				CLANG_ANALYZER_NONNULL = YES;
				CLANG_ANALYZER_NUMBER_OBJECT_CONVERSION = YES_AGGRESSIVE;
				CLANG_CXX_LANGUAGE_STANDARD = "gnu++17";
				CLANG_ENABLE_MODULES = YES;
				CLANG_ENABLE_OBJC_ARC = YES;
				CLANG_ENABLE_OBJC_WEAK = YES;
				CLANG_WARN_BLOCK_CAPTURE_AUTORELEASING = YES;
				CLANG_WARN_BOOL_CONVERSION = YES;
				CLANG_WARN_COMMA = YES;
				CLANG_WARN_CONSTANT_CONVERSION = YES;
				CLANG_WARN_DEPRECATED_OBJC_IMPLEMENTATIONS = YES;
				CLANG_WARN_DIRECT_OBJC_ISA_USAGE = YES_ERROR;
				CLANG_WARN_DOCUMENTATION_COMMENTS = YES;
				CLANG_WARN_EMPTY_BODY = YES;
				CLANG_WARN_ENUM_CONVERSION = YES;
				CLANG_WARN_INFINITE_RECURSION = YES;
				CLANG_WARN_INT_CONVERSION = YES;
				CLANG_WARN_NON_LITERAL_NULL_CONVERSION = YES;
				CLANG_WARN_OBJC_IMPLICIT_RETAIN_SELF = YES;
				CLANG_WARN_OBJC_LITERAL_CONVERSION = YES;
				CLANG_WARN_OBJC_ROOT_CLASS = YES_ERROR;
				CLANG_WARN_QUOTED_INCLUDE_IN_FRAMEWORK_HEADER = YES;
				CLANG_WARN_RANGE_LOOP_ANALYSIS = YES;
				CLANG_WARN_STRICT_PROTOTYPES = YES;
				CLANG_WARN_SUSPICIOUS_MOVE = YES;
				CLANG_WARN_UNGUARDED_AVAILABILITY = YES_AGGRESSIVE;
				CLANG_WARN_UNREACHABLE_CODE = YES;
				CLANG_WARN__DUPLICATE_METHOD_MATCH = YES;
				COPY_PHASE_STRIP = NO;
				DEBUG_INFORMATION_FORMAT = dwarf;
				ENABLE_STRICT_OBJC_MSGSEND = YES;
				ENABLE_TESTABILITY = YES;
				GCC_C_LANGUAGE_STANDARD = gnu11;
				GCC_DYNAMIC_NO_PIC = NO;
				GCC_NO_COMMON_BLOCKS = YES;
				GCC_OPTIMIZATION_LEVEL = 0;
				GCC_PREPROCESSOR_DEFINITIONS = (
					"DEBUG=1",
					"$(inherited)",
				);
				GCC_WARN_64_TO_32_BIT_CONVERSION = YES;
				GCC_WARN_ABOUT_RETURN_TYPE = YES_ERROR;
				GCC_WARN_UNDECLARED_SELECTOR = YES;
				GCC_WARN_UNINITIALIZED_AUTOS = YES_AGGRESSIVE;
				GCC_WARN_UNUSED_FUNCTION = YES;
				GCC_WARN_UNUSED_VARIABLE = YES;
				MTL_ENABLE_DEBUG_INFO = INCLUDE_SOURCE;
				MTL_FAST_MATH = YES;
				ONLY_ACTIVE_ARCH = YES;
				SWIFT_ACTIVE_COMPILATION_CONDITIONS = DEBUG;
				SWIFT_OPTIMIZATION_LEVEL = "-Onone";
			};
			name = Debug;
		};
		9DC6560D28C376AA009906BA /* Release */ = {
			isa = XCBuildConfiguration;
			buildSettings = {
				ALWAYS_SEARCH_USER_PATHS = NO;
				CLANG_ANALYZER_NONNULL = YES;
				CLANG_ANALYZER_NUMBER_OBJECT_CONVERSION = YES_AGGRESSIVE;
				CLANG_CXX_LANGUAGE_STANDARD = "gnu++17";
				CLANG_ENABLE_MODULES = YES;
				CLANG_ENABLE_OBJC_ARC = YES;
				CLANG_ENABLE_OBJC_WEAK = YES;
				CLANG_WARN_BLOCK_CAPTURE_AUTORELEASING = YES;
				CLANG_WARN_BOOL_CONVERSION = YES;
				CLANG_WARN_COMMA = YES;
				CLANG_WARN_CONSTANT_CONVERSION = YES;
				CLANG_WARN_DEPRECATED_OBJC_IMPLEMENTATIONS = YES;
				CLANG_WARN_DIRECT_OBJC_ISA_USAGE = YES_ERROR;
				CLANG_WARN_DOCUMENTATION_COMMENTS = YES;
				CLANG_WARN_EMPTY_BODY = YES;
				CLANG_WARN_ENUM_CONVERSION = YES;
				CLANG_WARN_INFINITE_RECURSION = YES;
				CLANG_WARN_INT_CONVERSION = YES;
				CLANG_WARN_NON_LITERAL_NULL_CONVERSION = YES;
				CLANG_WARN_OBJC_IMPLICIT_RETAIN_SELF = YES;
				CLANG_WARN_OBJC_LITERAL_CONVERSION = YES;
				CLANG_WARN_OBJC_ROOT_CLASS = YES_ERROR;
				CLANG_WARN_QUOTED_INCLUDE_IN_FRAMEWORK_HEADER = YES;
				CLANG_WARN_RANGE_LOOP_ANALYSIS = YES;
				CLANG_WARN_STRICT_PROTOTYPES = YES;
				CLANG_WARN_SUSPICIOUS_MOVE = YES;
				CLANG_WARN_UNGUARDED_AVAILABILITY = YES_AGGRESSIVE;
				CLANG_WARN_UNREACHABLE_CODE = YES;
				CLANG_WARN__DUPLICATE_METHOD_MATCH = YES;
				COPY_PHASE_STRIP = NO;
				DEBUG_INFORMATION_FORMAT = "dwarf-with-dsym";
				ENABLE_NS_ASSERTIONS = NO;
				ENABLE_STRICT_OBJC_MSGSEND = YES;
				GCC_C_LANGUAGE_STANDARD = gnu11;
				GCC_NO_COMMON_BLOCKS = YES;
				GCC_WARN_64_TO_32_BIT_CONVERSION = YES;
				GCC_WARN_ABOUT_RETURN_TYPE = YES_ERROR;
				GCC_WARN_UNDECLARED_SELECTOR = YES;
				GCC_WARN_UNINITIALIZED_AUTOS = YES_AGGRESSIVE;
				GCC_WARN_UNUSED_FUNCTION = YES;
				GCC_WARN_UNUSED_VARIABLE = YES;
				MTL_ENABLE_DEBUG_INFO = NO;
				MTL_FAST_MATH = YES;
				SWIFT_COMPILATION_MODE = wholemodule;
				SWIFT_OPTIMIZATION_LEVEL = "-O";
			};
			name = Release;
		};
		9DC6560F28C376AA009906BA /* Debug */ = {
			isa = XCBuildConfiguration;
			buildSettings = {
				ASSETCATALOG_COMPILER_APPICON_NAME = AppIcon;
				ASSETCATALOG_COMPILER_GLOBAL_ACCENT_COLOR_NAME = AccentColor;
				CODE_SIGN_STYLE = Automatic;
				CURRENT_PROJECT_VERSION = 1;
				DEVELOPMENT_TEAM = V4LV384HQ2;
				ENABLE_PREVIEWS = YES;
				GENERATE_INFOPLIST_FILE = YES;
				INFOPLIST_KEY_UIApplicationSceneManifest_Generation = YES;
				INFOPLIST_KEY_UIApplicationSupportsIndirectInputEvents = YES;
				INFOPLIST_KEY_UILaunchScreen_Generation = YES;
				INFOPLIST_KEY_UISupportedInterfaceOrientations_iPad = "UIInterfaceOrientationPortrait UIInterfaceOrientationPortraitUpsideDown UIInterfaceOrientationLandscapeLeft UIInterfaceOrientationLandscapeRight";
				INFOPLIST_KEY_UISupportedInterfaceOrientations_iPhone = "UIInterfaceOrientationPortrait UIInterfaceOrientationLandscapeLeft UIInterfaceOrientationLandscapeRight";
				IPHONEOS_DEPLOYMENT_TARGET = 15.5;
				LD_RUNPATH_SEARCH_PATHS = (
					"$(inherited)",
					"@executable_path/Frameworks",
				);
				MARKETING_VERSION = 1.0;
				PRODUCT_BUNDLE_IDENTIFIER = com.alex.com.OSMap;
				PRODUCT_NAME = OSMap;
				SDKROOT = iphoneos;
				SWIFT_EMIT_LOC_STRINGS = YES;
				SWIFT_VERSION = 5.0;
				TARGETED_DEVICE_FAMILY = "1,2";
			};
			name = Debug;
		};
		9DC6561028C376AA009906BA /* Release */ = {
			isa = XCBuildConfiguration;
			buildSettings = {
				ASSETCATALOG_COMPILER_APPICON_NAME = AppIcon;
				ASSETCATALOG_COMPILER_GLOBAL_ACCENT_COLOR_NAME = AccentColor;
				CODE_SIGN_STYLE = Automatic;
				CURRENT_PROJECT_VERSION = 1;
				DEVELOPMENT_TEAM = V4LV384HQ2;
				ENABLE_PREVIEWS = YES;
				GENERATE_INFOPLIST_FILE = YES;
				INFOPLIST_KEY_UIApplicationSceneManifest_Generation = YES;
				INFOPLIST_KEY_UIApplicationSupportsIndirectInputEvents = YES;
				INFOPLIST_KEY_UILaunchScreen_Generation = YES;
				INFOPLIST_KEY_UISupportedInterfaceOrientations_iPad = "UIInterfaceOrientationPortrait UIInterfaceOrientationPortraitUpsideDown UIInterfaceOrientationLandscapeLeft UIInterfaceOrientationLandscapeRight";
				INFOPLIST_KEY_UISupportedInterfaceOrientations_iPhone = "UIInterfaceOrientationPortrait UIInterfaceOrientationLandscapeLeft UIInterfaceOrientationLandscapeRight";
				IPHONEOS_DEPLOYMENT_TARGET = 15.5;
				LD_RUNPATH_SEARCH_PATHS = (
					"$(inherited)",
					"@executable_path/Frameworks",
				);
				MARKETING_VERSION = 1.0;
				PRODUCT_BUNDLE_IDENTIFIER = com.alex.com.OSMap;
				PRODUCT_NAME = OSMap;
				SDKROOT = iphoneos;
				SWIFT_EMIT_LOC_STRINGS = YES;
				SWIFT_VERSION = 5.0;
				TARGETED_DEVICE_FAMILY = "1,2";
				VALIDATE_PRODUCT = YES;
			};
			name = Release;
		};
		9DC6561228C376AA009906BA /* Debug */ = {
			isa = XCBuildConfiguration;
			buildSettings = {
				ASSETCATALOG_COMPILER_APPICON_NAME = AppIcon;
				ASSETCATALOG_COMPILER_GLOBAL_ACCENT_COLOR_NAME = AccentColor;
				CODE_SIGN_ENTITLEMENTS = macOS/macOS.entitlements;
				CODE_SIGN_STYLE = Automatic;
				COMBINE_HIDPI_IMAGES = YES;
				CURRENT_PROJECT_VERSION = 1;
				DEVELOPMENT_TEAM = V4LV384HQ2;
				ENABLE_HARDENED_RUNTIME = YES;
				ENABLE_PREVIEWS = YES;
				GENERATE_INFOPLIST_FILE = YES;
				INFOPLIST_KEY_NSHumanReadableCopyright = "";
				LD_RUNPATH_SEARCH_PATHS = (
					"$(inherited)",
					"@executable_path/../Frameworks",
				);
				MACOSX_DEPLOYMENT_TARGET = 12.3;
				MARKETING_VERSION = 1.0;
				PRODUCT_BUNDLE_IDENTIFIER = com.alex.com.OSMap;
				PRODUCT_NAME = OSMap;
				SDKROOT = macosx;
				SWIFT_EMIT_LOC_STRINGS = YES;
				SWIFT_VERSION = 5.0;
			};
			name = Debug;
		};
		9DC6561328C376AA009906BA /* Release */ = {
			isa = XCBuildConfiguration;
			buildSettings = {
				ASSETCATALOG_COMPILER_APPICON_NAME = AppIcon;
				ASSETCATALOG_COMPILER_GLOBAL_ACCENT_COLOR_NAME = AccentColor;
				CODE_SIGN_ENTITLEMENTS = macOS/macOS.entitlements;
				CODE_SIGN_STYLE = Automatic;
				COMBINE_HIDPI_IMAGES = YES;
				CURRENT_PROJECT_VERSION = 1;
				DEVELOPMENT_TEAM = V4LV384HQ2;
				ENABLE_HARDENED_RUNTIME = YES;
				ENABLE_PREVIEWS = YES;
				GENERATE_INFOPLIST_FILE = YES;
				INFOPLIST_KEY_NSHumanReadableCopyright = "";
				LD_RUNPATH_SEARCH_PATHS = (
					"$(inherited)",
					"@executable_path/../Frameworks",
				);
				MACOSX_DEPLOYMENT_TARGET = 12.3;
				MARKETING_VERSION = 1.0;
				PRODUCT_BUNDLE_IDENTIFIER = com.alex.com.OSMap;
				PRODUCT_NAME = OSMap;
				SDKROOT = macosx;
				SWIFT_EMIT_LOC_STRINGS = YES;
				SWIFT_VERSION = 5.0;
			};
			name = Release;
		};
		9DC6561528C376AA009906BA /* Debug */ = {
			isa = XCBuildConfiguration;
			buildSettings = {
				ALWAYS_EMBED_SWIFT_STANDARD_LIBRARIES = YES;
				CODE_SIGN_STYLE = Automatic;
				CURRENT_PROJECT_VERSION = 1;
				DEVELOPMENT_TEAM = V4LV384HQ2;
				GENERATE_INFOPLIST_FILE = YES;
				IPHONEOS_DEPLOYMENT_TARGET = 15.5;
				MARKETING_VERSION = 1.0;
				PRODUCT_BUNDLE_IDENTIFIER = "com.alex.com.Tests-iOS";
				PRODUCT_NAME = "$(TARGET_NAME)";
				SDKROOT = iphoneos;
				SWIFT_EMIT_LOC_STRINGS = NO;
				SWIFT_VERSION = 5.0;
				TARGETED_DEVICE_FAMILY = "1,2";
				TEST_TARGET_NAME = "OSMap (iOS)";
			};
			name = Debug;
		};
		9DC6561628C376AA009906BA /* Release */ = {
			isa = XCBuildConfiguration;
			buildSettings = {
				ALWAYS_EMBED_SWIFT_STANDARD_LIBRARIES = YES;
				CODE_SIGN_STYLE = Automatic;
				CURRENT_PROJECT_VERSION = 1;
				DEVELOPMENT_TEAM = V4LV384HQ2;
				GENERATE_INFOPLIST_FILE = YES;
				IPHONEOS_DEPLOYMENT_TARGET = 15.5;
				MARKETING_VERSION = 1.0;
				PRODUCT_BUNDLE_IDENTIFIER = "com.alex.com.Tests-iOS";
				PRODUCT_NAME = "$(TARGET_NAME)";
				SDKROOT = iphoneos;
				SWIFT_EMIT_LOC_STRINGS = NO;
				SWIFT_VERSION = 5.0;
				TARGETED_DEVICE_FAMILY = "1,2";
				TEST_TARGET_NAME = "OSMap (iOS)";
				VALIDATE_PRODUCT = YES;
			};
			name = Release;
		};
		9DC6561828C376AA009906BA /* Debug */ = {
			isa = XCBuildConfiguration;
			buildSettings = {
				ALWAYS_EMBED_SWIFT_STANDARD_LIBRARIES = YES;
				CODE_SIGN_STYLE = Automatic;
				CURRENT_PROJECT_VERSION = 1;
				DEVELOPMENT_TEAM = V4LV384HQ2;
				GENERATE_INFOPLIST_FILE = YES;
				MACOSX_DEPLOYMENT_TARGET = 12.3;
				MARKETING_VERSION = 1.0;
				PRODUCT_BUNDLE_IDENTIFIER = "com.alex.com.Tests-macOS";
				PRODUCT_NAME = "$(TARGET_NAME)";
				SDKROOT = macosx;
				SWIFT_EMIT_LOC_STRINGS = NO;
				SWIFT_VERSION = 5.0;
				TEST_TARGET_NAME = "OSMap (macOS)";
			};
			name = Debug;
		};
		9DC6561928C376AA009906BA /* Release */ = {
			isa = XCBuildConfiguration;
			buildSettings = {
				ALWAYS_EMBED_SWIFT_STANDARD_LIBRARIES = YES;
				CODE_SIGN_STYLE = Automatic;
				CURRENT_PROJECT_VERSION = 1;
				DEVELOPMENT_TEAM = V4LV384HQ2;
				GENERATE_INFOPLIST_FILE = YES;
				MACOSX_DEPLOYMENT_TARGET = 12.3;
				MARKETING_VERSION = 1.0;
				PRODUCT_BUNDLE_IDENTIFIER = "com.alex.com.Tests-macOS";
				PRODUCT_NAME = "$(TARGET_NAME)";
				SDKROOT = macosx;
				SWIFT_EMIT_LOC_STRINGS = NO;
				SWIFT_VERSION = 5.0;
				TEST_TARGET_NAME = "OSMap (macOS)";
			};
			name = Release;
		};
/* End XCBuildConfiguration section */

/* Begin XCConfigurationList section */
		9DC655DC28C376A9009906BA /* Build configuration list for PBXProject "OSMap" */ = {
			isa = XCConfigurationList;
			buildConfigurations = (
				9DC6560C28C376AA009906BA /* Debug */,
				9DC6560D28C376AA009906BA /* Release */,
			);
			defaultConfigurationIsVisible = 0;
			defaultConfigurationName = Release;
		};
		9DC6560E28C376AA009906BA /* Build configuration list for PBXNativeTarget "OSMap (iOS)" */ = {
			isa = XCConfigurationList;
			buildConfigurations = (
				9DC6560F28C376AA009906BA /* Debug */,
				9DC6561028C376AA009906BA /* Release */,
			);
			defaultConfigurationIsVisible = 0;
			defaultConfigurationName = Release;
		};
		9DC6561128C376AA009906BA /* Build configuration list for PBXNativeTarget "OSMap (macOS)" */ = {
			isa = XCConfigurationList;
			buildConfigurations = (
				9DC6561228C376AA009906BA /* Debug */,
				9DC6561328C376AA009906BA /* Release */,
			);
			defaultConfigurationIsVisible = 0;
			defaultConfigurationName = Release;
		};
		9DC6561428C376AA009906BA /* Build configuration list for PBXNativeTarget "Tests iOS" */ = {
			isa = XCConfigurationList;
			buildConfigurations = (
				9DC6561528C376AA009906BA /* Debug */,
				9DC6561628C376AA009906BA /* Release */,
			);
			defaultConfigurationIsVisible = 0;
			defaultConfigurationName = Release;
		};
		9DC6561728C376AA009906BA /* Build configuration list for PBXNativeTarget "Tests macOS" */ = {
			isa = XCConfigurationList;
			buildConfigurations = (
				9DC6561828C376AA009906BA /* Debug */,
				9DC6561928C376AA009906BA /* Release */,
			);
			defaultConfigurationIsVisible = 0;
			defaultConfigurationName = Release;
		};
/* End XCConfigurationList section */
	};
	rootObject = 9DC655D928C376A9009906BA /* Project object */;
}
